// !$*UTF8*$!
{
	archiveVersion = 1;
	classes = {
	};
	objectVersion = 50;
	objects = {

/* Begin PBXBuildFile section */
		4E269ECA2096026000753217 /* Permutations.cpp in Sources */ = {isa = PBXBuildFile; fileRef = 4E269EC92096026000753217 /* Permutations.cpp */; };
		4E269ECC2096104F00753217 /* Rotate Image.cpp in Sources */ = {isa = PBXBuildFile; fileRef = 4E269ECB2096104F00753217 /* Rotate Image.cpp */; };
		4E412B08208EF1350001373F /* Merge k Sorted Lists.cpp in Sources */ = {isa = PBXBuildFile; fileRef = 4E412B07208EF1350001373F /* Merge k Sorted Lists.cpp */; };
		4E412B0A208F0A610001373F /* Next Permutation.cpp in Sources */ = {isa = PBXBuildFile; fileRef = 4E412B09208F0A610001373F /* Next Permutation.cpp */; };
		4E412B0F208F20620001373F /* Longest Valid Parentheses.cpp in Sources */ = {isa = PBXBuildFile; fileRef = 4E412B0E208F20620001373F /* Longest Valid Parentheses.cpp */; };
		4E412B11208F695B0001373F /* Search in Rotated Sorted Array.cpp in Sources */ = {isa = PBXBuildFile; fileRef = 4E412B10208F695B0001373F /* Search in Rotated Sorted Array.cpp */; };
		4E83027D2092F88300D87FB0 /* Trapping Rain Water.cpp in Sources */ = {isa = PBXBuildFile; fileRef = 4E83027C2092F88300D87FB0 /* Trapping Rain Water.cpp */; };
		4E888D022096C63000BC01F3 /* Group Anagrams.cpp in Sources */ = {isa = PBXBuildFile; fileRef = 4E888D012096C63000BC01F3 /* Group Anagrams.cpp */; };
		4E9B0ADC208E100600102368 /* Valid Parentheses.cpp in Sources */ = {isa = PBXBuildFile; fileRef = 4E9B0ADB208E100600102368 /* Valid Parentheses.cpp */; };
		4EB846F7208E20280023AC9A /* Merge Two Sorted Lists.cpp in Sources */ = {isa = PBXBuildFile; fileRef = 4EB846F6208E20280023AC9A /* Merge Two Sorted Lists.cpp */; };
		4EB846F9208E292E0023AC9A /* Generate Parentheses.cpp in Sources */ = {isa = PBXBuildFile; fileRef = 4EB846F8208E292E0023AC9A /* Generate Parentheses.cpp */; };
		4EC06C6C208DD06100654BEE /* main.cpp in Sources */ = {isa = PBXBuildFile; fileRef = 4EC06C6B208DD06100654BEE /* main.cpp */; };
		4EC06C74208DD24C00654BEE /* Remove Nth Node From End of List.cpp in Sources */ = {isa = PBXBuildFile; fileRef = 4EC06C72208DD24C00654BEE /* Remove Nth Node From End of List.cpp */; };
		4EC3DCAB20916C6C004A2F24 /* Search for a Range.cpp in Sources */ = {isa = PBXBuildFile; fileRef = 4EC3DCAA20916C6C004A2F24 /* Search for a Range.cpp */; };
		4EC3DCAE2091769A004A2F24 /* Combination Sum.cpp in Sources */ = {isa = PBXBuildFile; fileRef = 4EC3DCAC2091769A004A2F24 /* Combination Sum.cpp */; };
/* End PBXBuildFile section */

/* Begin PBXCopyFilesBuildPhase section */
		4EC06C66208DD06100654BEE /* CopyFiles */ = {
			isa = PBXCopyFilesBuildPhase;
			buildActionMask = 2147483647;
			dstPath = /usr/share/man/man1/;
			dstSubfolderSpec = 0;
			files = (
			);
			runOnlyForDeploymentPostprocessing = 1;
		};
/* End PBXCopyFilesBuildPhase section */

/* Begin PBXFileReference section */
		4E269EC92096026000753217 /* Permutations.cpp */ = {isa = PBXFileReference; lastKnownFileType = sourcecode.cpp.cpp; path = Permutations.cpp; sourceTree = "<group>"; };
		4E269ECB2096104F00753217 /* Rotate Image.cpp */ = {isa = PBXFileReference; lastKnownFileType = sourcecode.cpp.cpp; path = "Rotate Image.cpp"; sourceTree = "<group>"; };
		4E412B07208EF1350001373F /* Merge k Sorted Lists.cpp */ = {isa = PBXFileReference; lastKnownFileType = sourcecode.cpp.cpp; path = "Merge k Sorted Lists.cpp"; sourceTree = "<group>"; };
		4E412B09208F0A610001373F /* Next Permutation.cpp */ = {isa = PBXFileReference; lastKnownFileType = sourcecode.cpp.cpp; path = "Next Permutation.cpp"; sourceTree = "<group>"; };
		4E412B0B208F0A7D0001373F /* Header2.h */ = {isa = PBXFileReference; lastKnownFileType = sourcecode.c.h; path = Header2.h; sourceTree = "<group>"; };
		4E412B0E208F20620001373F /* Longest Valid Parentheses.cpp */ = {isa = PBXFileReference; lastKnownFileType = sourcecode.cpp.cpp; path = "Longest Valid Parentheses.cpp"; sourceTree = "<group>"; };
		4E412B10208F695B0001373F /* Search in Rotated Sorted Array.cpp */ = {isa = PBXFileReference; lastKnownFileType = sourcecode.cpp.cpp; path = "Search in Rotated Sorted Array.cpp"; sourceTree = "<group>"; };
		4E83027C2092F88300D87FB0 /* Trapping Rain Water.cpp */ = {isa = PBXFileReference; lastKnownFileType = sourcecode.cpp.cpp; path = "Trapping Rain Water.cpp"; sourceTree = "<group>"; };
		4E888D012096C63000BC01F3 /* Group Anagrams.cpp */ = {isa = PBXFileReference; lastKnownFileType = sourcecode.cpp.cpp; path = "Group Anagrams.cpp"; sourceTree = "<group>"; };
		4E9B0ADA208DEE5400102368 /* Header.h */ = {isa = PBXFileReference; lastKnownFileType = sourcecode.c.h; path = Header.h; sourceTree = "<group>"; };
		4E9B0ADB208E100600102368 /* Valid Parentheses.cpp */ = {isa = PBXFileReference; lastKnownFileType = sourcecode.cpp.cpp; path = "Valid Parentheses.cpp"; sourceTree = "<group>"; };
		4EB846F6208E20280023AC9A /* Merge Two Sorted Lists.cpp */ = {isa = PBXFileReference; lastKnownFileType = sourcecode.cpp.cpp; path = "Merge Two Sorted Lists.cpp"; sourceTree = "<group>"; };
		4EB846F8208E292E0023AC9A /* Generate Parentheses.cpp */ = {isa = PBXFileReference; lastKnownFileType = sourcecode.cpp.cpp; path = "Generate Parentheses.cpp"; sourceTree = "<group>"; };
		4EC06C68208DD06100654BEE /* leetcode2 */ = {isa = PBXFileReference; explicitFileType = "compiled.mach-o.executable"; includeInIndex = 0; path = leetcode2; sourceTree = BUILT_PRODUCTS_DIR; };
		4EC06C6B208DD06100654BEE /* main.cpp */ = {isa = PBXFileReference; lastKnownFileType = sourcecode.cpp.cpp; path = main.cpp; sourceTree = "<group>"; };
		4EC06C72208DD24C00654BEE /* Remove Nth Node From End of List.cpp */ = {isa = PBXFileReference; lastKnownFileType = sourcecode.cpp.cpp; path = "Remove Nth Node From End of List.cpp"; sourceTree = "<group>"; };
		4EC3DCAA20916C6C004A2F24 /* Search for a Range.cpp */ = {isa = PBXFileReference; lastKnownFileType = sourcecode.cpp.cpp; path = "Search for a Range.cpp"; sourceTree = "<group>"; };
		4EC3DCAC2091769A004A2F24 /* Combination Sum.cpp */ = {isa = PBXFileReference; lastKnownFileType = sourcecode.cpp.cpp; path = "Combination Sum.cpp"; sourceTree = "<group>"; };
/* End PBXFileReference section */

/* Begin PBXFrameworksBuildPhase section */
		4EC06C65208DD06100654BEE /* Frameworks */ = {
			isa = PBXFrameworksBuildPhase;
			buildActionMask = 2147483647;
			files = (
			);
			runOnlyForDeploymentPostprocessing = 0;
		};
/* End PBXFrameworksBuildPhase section */

/* Begin PBXGroup section */
		4EC06C5F208DD06100654BEE = {
			isa = PBXGroup;
			children = (
				4EC06C6A208DD06100654BEE /* leetcode2 */,
				4EC06C69208DD06100654BEE /* Products */,
			);
			sourceTree = "<group>";
		};
		4EC06C69208DD06100654BEE /* Products */ = {
			isa = PBXGroup;
			children = (
				4EC06C68208DD06100654BEE /* leetcode2 */,
			);
			name = Products;
			sourceTree = "<group>";
		};
		4EC06C6A208DD06100654BEE /* leetcode2 */ = {
			isa = PBXGroup;
			children = (
				4EC06C6B208DD06100654BEE /* main.cpp */,
				4EC06C72208DD24C00654BEE /* Remove Nth Node From End of List.cpp */,
				4E9B0ADA208DEE5400102368 /* Header.h */,
				4E9B0ADB208E100600102368 /* Valid Parentheses.cpp */,
				4EB846F6208E20280023AC9A /* Merge Two Sorted Lists.cpp */,
				4EB846F8208E292E0023AC9A /* Generate Parentheses.cpp */,
				4E412B07208EF1350001373F /* Merge k Sorted Lists.cpp */,
				4E412B0B208F0A7D0001373F /* Header2.h */,
				4E412B09208F0A610001373F /* Next Permutation.cpp */,
				4E412B0E208F20620001373F /* Longest Valid Parentheses.cpp */,
				4E412B10208F695B0001373F /* Search in Rotated Sorted Array.cpp */,
				4EC3DCAA20916C6C004A2F24 /* Search for a Range.cpp */,
				4EC3DCAC2091769A004A2F24 /* Combination Sum.cpp */,
				4E83027C2092F88300D87FB0 /* Trapping Rain Water.cpp */,
				4E269EC92096026000753217 /* Permutations.cpp */,
				4E269ECB2096104F00753217 /* Rotate Image.cpp */,
				4E888D012096C63000BC01F3 /* Group Anagrams.cpp */,
			);
			path = leetcode2;
			sourceTree = "<group>";
		};
/* End PBXGroup section */

/* Begin PBXNativeTarget section */
		4EC06C67208DD06100654BEE /* leetcode2 */ = {
			isa = PBXNativeTarget;
			buildConfigurationList = 4EC06C6F208DD06100654BEE /* Build configuration list for PBXNativeTarget "leetcode2" */;
			buildPhases = (
				4EC06C64208DD06100654BEE /* Sources */,
				4EC06C65208DD06100654BEE /* Frameworks */,
				4EC06C66208DD06100654BEE /* CopyFiles */,
			);
			buildRules = (
			);
			dependencies = (
			);
			name = leetcode2;
			productName = leetcode2;
			productReference = 4EC06C68208DD06100654BEE /* leetcode2 */;
			productType = "com.apple.product-type.tool";
		};
/* End PBXNativeTarget section */

/* Begin PBXProject section */
		4EC06C60208DD06100654BEE /* Project object */ = {
			isa = PBXProject;
			attributes = {
				LastUpgradeCheck = 0930;
				ORGANIZATIONNAME = "郭益豪";
				TargetAttributes = {
					4EC06C67208DD06100654BEE = {
						CreatedOnToolsVersion = 9.3;
					};
				};
			};
			buildConfigurationList = 4EC06C63208DD06100654BEE /* Build configuration list for PBXProject "leetcode2" */;
			compatibilityVersion = "Xcode 9.3";
			developmentRegion = en;
			hasScannedForEncodings = 0;
			knownRegions = (
				en,
			);
			mainGroup = 4EC06C5F208DD06100654BEE;
			productRefGroup = 4EC06C69208DD06100654BEE /* Products */;
			projectDirPath = "";
			projectRoot = "";
			targets = (
				4EC06C67208DD06100654BEE /* leetcode2 */,
			);
		};
/* End PBXProject section */

/* Begin PBXSourcesBuildPhase section */
		4EC06C64208DD06100654BEE /* Sources */ = {
			isa = PBXSourcesBuildPhase;
			buildActionMask = 2147483647;
			files = (
				4E412B11208F695B0001373F /* Search in Rotated Sorted Array.cpp in Sources */,
				4E269ECA2096026000753217 /* Permutations.cpp in Sources */,
				4EB846F9208E292E0023AC9A /* Generate Parentheses.cpp in Sources */,
				4E9B0ADC208E100600102368 /* Valid Parentheses.cpp in Sources */,
				4E412B0A208F0A610001373F /* Next Permutation.cpp in Sources */,
				4E412B08208EF1350001373F /* Merge k Sorted Lists.cpp in Sources */,
				4E412B0F208F20620001373F /* Longest Valid Parentheses.cpp in Sources */,
				4E888D022096C63000BC01F3 /* Group Anagrams.cpp in Sources */,
				4E269ECC2096104F00753217 /* Rotate Image.cpp in Sources */,
				4EB846F7208E20280023AC9A /* Merge Two Sorted Lists.cpp in Sources */,
				4EC06C6C208DD06100654BEE /* main.cpp in Sources */,
				4EC3DCAB20916C6C004A2F24 /* Search for a Range.cpp in Sources */,
				4EC3DCAE2091769A004A2F24 /* Combination Sum.cpp in Sources */,
				4E83027D2092F88300D87FB0 /* Trapping Rain Water.cpp in Sources */,
				4EC06C74208DD24C00654BEE /* Remove Nth Node From End of List.cpp in Sources */,
			);
			runOnlyForDeploymentPostprocessing = 0;
		};
/* End PBXSourcesBuildPhase section */

/* Begin XCBuildConfiguration section */
		4EC06C6D208DD06100654BEE /* Debug */ = {
			isa = XCBuildConfiguration;
			buildSettings = {
				ALWAYS_SEARCH_USER_PATHS = NO;
				CLANG_ANALYZER_NONNULL = YES;
				CLANG_ANALYZER_NUMBER_OBJECT_CONVERSION = YES_AGGRESSIVE;
				CLANG_CXX_LANGUAGE_STANDARD = "gnu++14";
				CLANG_CXX_LIBRARY = "libc++";
				CLANG_ENABLE_MODULES = YES;
				CLANG_ENABLE_OBJC_ARC = YES;
				CLANG_ENABLE_OBJC_WEAK = YES;
				CLANG_WARN_BLOCK_CAPTURE_AUTORELEASING = YES;
				CLANG_WARN_BOOL_CONVERSION = YES;
				CLANG_WARN_COMMA = YES;
				CLANG_WARN_CONSTANT_CONVERSION = YES;
				CLANG_WARN_DEPRECATED_OBJC_IMPLEMENTATIONS = YES;
				CLANG_WARN_DIRECT_OBJC_ISA_USAGE = YES_ERROR;
				CLANG_WARN_DOCUMENTATION_COMMENTS = YES;
				CLANG_WARN_EMPTY_BODY = YES;
				CLANG_WARN_ENUM_CONVERSION = YES;
				CLANG_WARN_INFINITE_RECURSION = YES;
				CLANG_WARN_INT_CONVERSION = YES;
				CLANG_WARN_NON_LITERAL_NULL_CONVERSION = YES;
				CLANG_WARN_OBJC_IMPLICIT_RETAIN_SELF = YES;
				CLANG_WARN_OBJC_LITERAL_CONVERSION = YES;
				CLANG_WARN_OBJC_ROOT_CLASS = YES_ERROR;
				CLANG_WARN_RANGE_LOOP_ANALYSIS = YES;
				CLANG_WARN_STRICT_PROTOTYPES = YES;
				CLANG_WARN_SUSPICIOUS_MOVE = YES;
				CLANG_WARN_UNGUARDED_AVAILABILITY = YES_AGGRESSIVE;
				CLANG_WARN_UNREACHABLE_CODE = YES;
				CLANG_WARN__DUPLICATE_METHOD_MATCH = YES;
				CODE_SIGN_IDENTITY = "-";
				COPY_PHASE_STRIP = NO;
				DEBUG_INFORMATION_FORMAT = dwarf;
				ENABLE_STRICT_OBJC_MSGSEND = YES;
				ENABLE_TESTABILITY = YES;
				GCC_C_LANGUAGE_STANDARD = gnu11;
				GCC_DYNAMIC_NO_PIC = NO;
				GCC_NO_COMMON_BLOCKS = YES;
				GCC_OPTIMIZATION_LEVEL = 0;
				GCC_PREPROCESSOR_DEFINITIONS = (
					"DEBUG=1",
					"$(inherited)",
				);
				GCC_WARN_64_TO_32_BIT_CONVERSION = YES;
				GCC_WARN_ABOUT_RETURN_TYPE = YES_ERROR;
				GCC_WARN_UNDECLARED_SELECTOR = YES;
				GCC_WARN_UNINITIALIZED_AUTOS = YES_AGGRESSIVE;
				GCC_WARN_UNUSED_FUNCTION = YES;
				GCC_WARN_UNUSED_VARIABLE = YES;
				MACOSX_DEPLOYMENT_TARGET = 10.13;
				MTL_ENABLE_DEBUG_INFO = YES;
				ONLY_ACTIVE_ARCH = YES;
				SDKROOT = macosx;
			};
			name = Debug;
		};
		4EC06C6E208DD06100654BEE /* Release */ = {
			isa = XCBuildConfiguration;
			buildSettings = {
				ALWAYS_SEARCH_USER_PATHS = NO;
				CLANG_ANALYZER_NONNULL = YES;
				CLANG_ANALYZER_NUMBER_OBJECT_CONVERSION = YES_AGGRESSIVE;
				CLANG_CXX_LANGUAGE_STANDARD = "gnu++14";
				CLANG_CXX_LIBRARY = "libc++";
				CLANG_ENABLE_MODULES = YES;
				CLANG_ENABLE_OBJC_ARC = YES;
				CLANG_ENABLE_OBJC_WEAK = YES;
				CLANG_WARN_BLOCK_CAPTURE_AUTORELEASING = YES;
				CLANG_WARN_BOOL_CONVERSION = YES;
				CLANG_WARN_COMMA = YES;
				CLANG_WARN_CONSTANT_CONVERSION = YES;
				CLANG_WARN_DEPRECATED_OBJC_IMPLEMENTATIONS = YES;
				CLANG_WARN_DIRECT_OBJC_ISA_USAGE = YES_ERROR;
				CLANG_WARN_DOCUMENTATION_COMMENTS = YES;
				CLANG_WARN_EMPTY_BODY = YES;
				CLANG_WARN_ENUM_CONVERSION = YES;
				CLANG_WARN_INFINITE_RECURSION = YES;
				CLANG_WARN_INT_CONVERSION = YES;
				CLANG_WARN_NON_LITERAL_NULL_CONVERSION = YES;
				CLANG_WARN_OBJC_IMPLICIT_RETAIN_SELF = YES;
				CLANG_WARN_OBJC_LITERAL_CONVERSION = YES;
				CLANG_WARN_OBJC_ROOT_CLASS = YES_ERROR;
				CLANG_WARN_RANGE_LOOP_ANALYSIS = YES;
				CLANG_WARN_STRICT_PROTOTYPES = YES;
				CLANG_WARN_SUSPICIOUS_MOVE = YES;
				CLANG_WARN_UNGUARDED_AVAILABILITY = YES_AGGRESSIVE;
				CLANG_WARN_UNREACHABLE_CODE = YES;
				CLANG_WARN__DUPLICATE_METHOD_MATCH = YES;
				CODE_SIGN_IDENTITY = "-";
				COPY_PHASE_STRIP = NO;
				DEBUG_INFORMATION_FORMAT = "dwarf-with-dsym";
				ENABLE_NS_ASSERTIONS = NO;
				ENABLE_STRICT_OBJC_MSGSEND = YES;
				GCC_C_LANGUAGE_STANDARD = gnu11;
				GCC_NO_COMMON_BLOCKS = YES;
				GCC_WARN_64_TO_32_BIT_CONVERSION = YES;
				GCC_WARN_ABOUT_RETURN_TYPE = YES_ERROR;
				GCC_WARN_UNDECLARED_SELECTOR = YES;
				GCC_WARN_UNINITIALIZED_AUTOS = YES_AGGRESSIVE;
				GCC_WARN_UNUSED_FUNCTION = YES;
				GCC_WARN_UNUSED_VARIABLE = YES;
				MACOSX_DEPLOYMENT_TARGET = 10.13;
				MTL_ENABLE_DEBUG_INFO = NO;
				SDKROOT = macosx;
			};
			name = Release;
		};
		4EC06C70208DD06100654BEE /* Debug */ = {
			isa = XCBuildConfiguration;
			buildSettings = {
				CODE_SIGN_STYLE = Automatic;
				PRODUCT_NAME = "$(TARGET_NAME)";
			};
			name = Debug;
		};
		4EC06C71208DD06100654BEE /* Release */ = {
			isa = XCBuildConfiguration;
			buildSettings = {
				CODE_SIGN_STYLE = Automatic;
				PRODUCT_NAME = "$(TARGET_NAME)";
			};
			name = Release;
		};
/* End XCBuildConfiguration section */

/* Begin XCConfigurationList section */
		4EC06C63208DD06100654BEE /* Build configuration list for PBXProject "leetcode2" */ = {
			isa = XCConfigurationList;
			buildConfigurations = (
				4EC06C6D208DD06100654BEE /* Debug */,
				4EC06C6E208DD06100654BEE /* Release */,
			);
			defaultConfigurationIsVisible = 0;
			defaultConfigurationName = Release;
		};
		4EC06C6F208DD06100654BEE /* Build configuration list for PBXNativeTarget "leetcode2" */ = {
			isa = XCConfigurationList;
			buildConfigurations = (
				4EC06C70208DD06100654BEE /* Debug */,
				4EC06C71208DD06100654BEE /* Release */,
			);
			defaultConfigurationIsVisible = 0;
			defaultConfigurationName = Release;
		};
/* End XCConfigurationList section */
	};
	rootObject = 4EC06C60208DD06100654BEE /* Project object */;
}
